
Microsoft Visual Studio Solution File, Format Version 12.00
# Visual Studio Version 17
VisualStudioVersion = 17.10.34916.146
MinimumVisualStudioVersion = 10.0.40219.1
Project("{FAE04EC0-301F-11D3-BF4B-00C04F79EFBC}") = "back-end-sea-care", "back-end-sea-care\back-end-sea-care.csproj", "{5661FC6F-25A4-4C07-809A-ED511C484CB2}"
EndProject
Global
	GlobalSection(SolutionConfigurationPlatforms) = preSolution
		Debug|Any CPU = Debug|Any CPU
		Release|Any CPU = Release|Any CPU
	EndGlobalSection
	GlobalSection(ProjectConfigurationPlatforms) = postSolution
		{5661FC6F-25A4-4C07-809A-ED511C484CB2}.Debug|Any CPU.ActiveCfg = Debug|Any CPU
		{5661FC6F-25A4-4C07-809A-ED511C484CB2}.Debug|Any CPU.Build.0 = Debug|Any CPU
		{5661FC6F-25A4-4C07-809A-ED511C484CB2}.Release|Any CPU.ActiveCfg = Release|Any CPU
		{5661FC6F-25A4-4C07-809A-ED511C484CB2}.Release|Any CPU.Build.0 = Release|Any CPU
	EndGlobalSection
	GlobalSection(SolutionProperties) = preSolution
		HideSolutionNode = FALSE
	EndGlobalSection
	GlobalSection(ExtensibilityGlobals) = postSolution
		SolutionGuid = {272D16FE-2B99-40AD-8914-A6C160C0D260}
	EndGlobalSection
EndGlobal
